// !$*UTF8*$!
{
	archiveVersion = 1;
	classes = {
	};
	objectVersion = 50;
	objects = {

/* Begin PBXBuildFile section */
		4380C48822E6E4C30088207E /* AppDelegate.swift in Sources */ = {isa = PBXBuildFile; fileRef = 4380C48722E6E4C30088207E /* AppDelegate.swift */; };
		4380C48A22E6E4C30088207E /* ViewController.swift in Sources */ = {isa = PBXBuildFile; fileRef = 4380C48922E6E4C30088207E /* ViewController.swift */; };
		4380C48D22E6E4C30088207E /* Main.storyboard in Resources */ = {isa = PBXBuildFile; fileRef = 4380C48B22E6E4C30088207E /* Main.storyboard */; };
		4380C49022E6E4C30088207E /* TableCoreData.xcdatamodeld in Sources */ = {isa = PBXBuildFile; fileRef = 4380C48E22E6E4C30088207E /* TableCoreData.xcdatamodeld */; };
		4380C49222E6E4C40088207E /* Assets.xcassets in Resources */ = {isa = PBXBuildFile; fileRef = 4380C49122E6E4C40088207E /* Assets.xcassets */; };
		4380C49522E6E4C40088207E /* LaunchScreen.storyboard in Resources */ = {isa = PBXBuildFile; fileRef = 4380C49322E6E4C40088207E /* LaunchScreen.storyboard */; };
		4380C4A022E6E4C40088207E /* TableCoreDataTests.swift in Sources */ = {isa = PBXBuildFile; fileRef = 4380C49F22E6E4C40088207E /* TableCoreDataTests.swift */; };
		4380C4AB22E6E5330088207E /* CoreDataTV.swift in Sources */ = {isa = PBXBuildFile; fileRef = 4380C4AA22E6E5330088207E /* CoreDataTV.swift */; };
/* End PBXBuildFile section */

/* Begin PBXContainerItemProxy section */
		4380C49C22E6E4C40088207E /* PBXContainerItemProxy */ = {
			isa = PBXContainerItemProxy;
			containerPortal = 4380C47C22E6E4C30088207E /* Project object */;
			proxyType = 1;
			remoteGlobalIDString = 4380C48322E6E4C30088207E;
			remoteInfo = TableCoreData;
		};
/* End PBXContainerItemProxy section */

/* Begin PBXFileReference section */
		4380C48422E6E4C30088207E /* TableCoreData.app */ = {isa = PBXFileReference; explicitFileType = wrapper.application; includeInIndex = 0; path = TableCoreData.app; sourceTree = BUILT_PRODUCTS_DIR; };
		4380C48722E6E4C30088207E /* AppDelegate.swift */ = {isa = PBXFileReference; lastKnownFileType = sourcecode.swift; path = AppDelegate.swift; sourceTree = "<group>"; };
		4380C48922E6E4C30088207E /* ViewController.swift */ = {isa = PBXFileReference; lastKnownFileType = sourcecode.swift; path = ViewController.swift; sourceTree = "<group>"; };
		4380C48C22E6E4C30088207E /* Base */ = {isa = PBXFileReference; lastKnownFileType = file.storyboard; name = Base; path = Base.lproj/Main.storyboard; sourceTree = "<group>"; };
		4380C48F22E6E4C30088207E /* TableCoreData.xcdatamodel */ = {isa = PBXFileReference; lastKnownFileType = wrapper.xcdatamodel; path = TableCoreData.xcdatamodel; sourceTree = "<group>"; };
		4380C49122E6E4C40088207E /* Assets.xcassets */ = {isa = PBXFileReference; lastKnownFileType = folder.assetcatalog; path = Assets.xcassets; sourceTree = "<group>"; };
		4380C49422E6E4C40088207E /* Base */ = {isa = PBXFileReference; lastKnownFileType = file.storyboard; name = Base; path = Base.lproj/LaunchScreen.storyboard; sourceTree = "<group>"; };
		4380C49622E6E4C40088207E /* Info.plist */ = {isa = PBXFileReference; lastKnownFileType = text.plist.xml; path = Info.plist; sourceTree = "<group>"; };
		4380C49B22E6E4C40088207E /* TableCoreDataTests.xctest */ = {isa = PBXFileReference; explicitFileType = wrapper.cfbundle; includeInIndex = 0; path = TableCoreDataTests.xctest; sourceTree = BUILT_PRODUCTS_DIR; };
		4380C49F22E6E4C40088207E /* TableCoreDataTests.swift */ = {isa = PBXFileReference; lastKnownFileType = sourcecode.swift; path = TableCoreDataTests.swift; sourceTree = "<group>"; };
		4380C4A122E6E4C40088207E /* Info.plist */ = {isa = PBXFileReference; lastKnownFileType = text.plist.xml; path = Info.plist; sourceTree = "<group>"; };
		4380C4AA22E6E5330088207E /* CoreDataTV.swift */ = {isa = PBXFileReference; lastKnownFileType = sourcecode.swift; path = CoreDataTV.swift; sourceTree = "<group>"; };
/* End PBXFileReference section */

/* Begin PBXFrameworksBuildPhase section */
		4380C48122E6E4C30088207E /* Frameworks */ = {
			isa = PBXFrameworksBuildPhase;
			buildActionMask = 2147483647;
			files = (
			);
			runOnlyForDeploymentPostprocessing = 0;
		};
		4380C49822E6E4C40088207E /* Frameworks */ = {
			isa = PBXFrameworksBuildPhase;
			buildActionMask = 2147483647;
			files = (
			);
			runOnlyForDeploymentPostprocessing = 0;
		};
/* End PBXFrameworksBuildPhase section */

/* Begin PBXGroup section */
		4380C47B22E6E4C30088207E = {
			isa = PBXGroup;
			children = (
				4380C48622E6E4C30088207E /* TableCoreData */,
				4380C49E22E6E4C40088207E /* TableCoreDataTests */,
				4380C48522E6E4C30088207E /* Products */,
			);
			sourceTree = "<group>";
		};
		4380C48522E6E4C30088207E /* Products */ = {
			isa = PBXGroup;
			children = (
				4380C48422E6E4C30088207E /* TableCoreData.app */,
				4380C49B22E6E4C40088207E /* TableCoreDataTests.xctest */,
			);
			name = Products;
			sourceTree = "<group>";
		};
		4380C48622E6E4C30088207E /* TableCoreData */ = {
			isa = PBXGroup;
			children = (
				4380C48722E6E4C30088207E /* AppDelegate.swift */,
				4380C48922E6E4C30088207E /* ViewController.swift */,
				4380C48B22E6E4C30088207E /* Main.storyboard */,
				4380C49122E6E4C40088207E /* Assets.xcassets */,
				4380C49322E6E4C40088207E /* LaunchScreen.storyboard */,
				4380C49622E6E4C40088207E /* Info.plist */,
				4380C48E22E6E4C30088207E /* TableCoreData.xcdatamodeld */,
				4380C4AA22E6E5330088207E /* CoreDataTV.swift */,
			);
			path = TableCoreData;
			sourceTree = "<group>";
		};
		4380C49E22E6E4C40088207E /* TableCoreDataTests */ = {
			isa = PBXGroup;
			children = (
				4380C49F22E6E4C40088207E /* TableCoreDataTests.swift */,
				4380C4A122E6E4C40088207E /* Info.plist */,
			);
			path = TableCoreDataTests;
			sourceTree = "<group>";
		};
/* End PBXGroup section */

/* Begin PBXNativeTarget section */
		4380C48322E6E4C30088207E /* TableCoreData */ = {
			isa = PBXNativeTarget;
			buildConfigurationList = 4380C4A422E6E4C40088207E /* Build configuration list for PBXNativeTarget "TableCoreData" */;
			buildPhases = (
				4380C48022E6E4C30088207E /* Sources */,
				4380C48122E6E4C30088207E /* Frameworks */,
				4380C48222E6E4C30088207E /* Resources */,
			);
			buildRules = (
			);
			dependencies = (
			);
			name = TableCoreData;
			productName = TableCoreData;
			productReference = 4380C48422E6E4C30088207E /* TableCoreData.app */;
			productType = "com.apple.product-type.application";
		};
		4380C49A22E6E4C40088207E /* TableCoreDataTests */ = {
			isa = PBXNativeTarget;
			buildConfigurationList = 4380C4A722E6E4C40088207E /* Build configuration list for PBXNativeTarget "TableCoreDataTests" */;
			buildPhases = (
				4380C49722E6E4C40088207E /* Sources */,
				4380C49822E6E4C40088207E /* Frameworks */,
				4380C49922E6E4C40088207E /* Resources */,
			);
			buildRules = (
			);
			dependencies = (
				4380C49D22E6E4C40088207E /* PBXTargetDependency */,
			);
			name = TableCoreDataTests;
			productName = TableCoreDataTests;
			productReference = 4380C49B22E6E4C40088207E /* TableCoreDataTests.xctest */;
			productType = "com.apple.product-type.bundle.unit-test";
		};
/* End PBXNativeTarget section */

/* Begin PBXProject section */
		4380C47C22E6E4C30088207E /* Project object */ = {
			isa = PBXProject;
			attributes = {
				LastSwiftUpdateCheck = 1010;
				LastUpgradeCheck = 1010;
				ORGANIZATIONNAME = Naiyer;
				TargetAttributes = {
					4380C48322E6E4C30088207E = {
						CreatedOnToolsVersion = 10.1;
					};
					4380C49A22E6E4C40088207E = {
						CreatedOnToolsVersion = 10.1;
						TestTargetID = 4380C48322E6E4C30088207E;
					};
				};
			};
			buildConfigurationList = 4380C47F22E6E4C30088207E /* Build configuration list for PBXProject "TableCoreData" */;
			compatibilityVersion = "Xcode 9.3";
			developmentRegion = en;
			hasScannedForEncodings = 0;
			knownRegions = (
				en,
				Base,
			);
			mainGroup = 4380C47B22E6E4C30088207E;
			productRefGroup = 4380C48522E6E4C30088207E /* Products */;
			projectDirPath = "";
			projectRoot = "";
			targets = (
				4380C48322E6E4C30088207E /* TableCoreData */,
				4380C49A22E6E4C40088207E /* TableCoreDataTests */,
			);
		};
/* End PBXProject section */

/* Begin PBXResourcesBuildPhase section */
		4380C48222E6E4C30088207E /* Resources */ = {
			isa = PBXResourcesBuildPhase;
			buildActionMask = 2147483647;
			files = (
				4380C49522E6E4C40088207E /* LaunchScreen.storyboard in Resources */,
				4380C49222E6E4C40088207E /* Assets.xcassets in Resources */,
				4380C48D22E6E4C30088207E /* Main.storyboard in Resources */,
			);
			runOnlyForDeploymentPostprocessing = 0;
		};
		4380C49922E6E4C40088207E /* Resources */ = {
			isa = PBXResourcesBuildPhase;
			buildActionMask = 2147483647;
			files = (
			);
			runOnlyForDeploymentPostprocessing = 0;
		};
/* End PBXResourcesBuildPhase section */

/* Begin PBXSourcesBuildPhase section */
		4380C48022E6E4C30088207E /* Sources */ = {
			isa = PBXSourcesBuildPhase;
			buildActionMask = 2147483647;
			files = (
				4380C4AB22E6E5330088207E /* CoreDataTV.swift in Sources */,
				4380C49022E6E4C30088207E /* TableCoreData.xcdatamodeld in Sources */,
				4380C48A22E6E4C30088207E /* ViewController.swift in Sources */,
				4380C48822E6E4C30088207E /* AppDelegate.swift in Sources */,
			);
			runOnlyForDeploymentPostprocessing = 0;
		};
		4380C49722E6E4C40088207E /* Sources */ = {
			isa = PBXSourcesBuildPhase;
			buildActionMask = 2147483647;
			files = (
				4380C4A022E6E4C40088207E /* TableCoreDataTests.swift in Sources */,
			);
			runOnlyForDeploymentPostprocessing = 0;
		};
/* End PBXSourcesBuildPhase section */

/* Begin PBXTargetDependency section */
		4380C49D22E6E4C40088207E /* PBXTargetDependency */ = {
			isa = PBXTargetDependency;
			target = 4380C48322E6E4C30088207E /* TableCoreData */;
			targetProxy = 4380C49C22E6E4C40088207E /* PBXContainerItemProxy */;
		};
/* End PBXTargetDependency section */

/* Begin PBXVariantGroup section */
		4380C48B22E6E4C30088207E /* Main.storyboard */ = {
			isa = PBXVariantGroup;
			children = (
				4380C48C22E6E4C30088207E /* Base */,
			);
			name = Main.storyboard;
			sourceTree = "<group>";
		};
		4380C49322E6E4C40088207E /* LaunchScreen.storyboard */ = {
			isa = PBXVariantGroup;
			children = (
				4380C49422E6E4C40088207E /* Base */,
			);
			name = LaunchScreen.storyboard;
			sourceTree = "<group>";
		};
/* End PBXVariantGroup section */

/* Begin XCBuildConfiguration section */
		4380C4A222E6E4C40088207E /* Debug */ = {
			isa = XCBuildConfiguration;
			buildSettings = {
				ALWAYS_SEARCH_USER_PATHS = NO;
				CLANG_ANALYZER_NONNULL = YES;
				CLANG_ANALYZER_NUMBER_OBJECT_CONVERSION = YES_AGGRESSIVE;
				CLANG_CXX_LANGUAGE_STANDARD = "gnu++14";
				CLANG_CXX_LIBRARY = "libc++";
				CLANG_ENABLE_MODULES = YES;
				CLANG_ENABLE_OBJC_ARC = YES;
				CLANG_ENABLE_OBJC_WEAK = YES;
				CLANG_WARN_BLOCK_CAPTURE_AUTORELEASING = YES;
				CLANG_WARN_BOOL_CONVERSION = YES;
				CLANG_WARN_COMMA = YES;
				CLANG_WARN_CONSTANT_CONVERSION = YES;
				CLANG_WARN_DEPRECATED_OBJC_IMPLEMENTATIONS = YES;
				CLANG_WARN_DIRECT_OBJC_ISA_USAGE = YES_ERROR;
				CLANG_WARN_DOCUMENTATION_COMMENTS = YES;
				CLANG_WARN_EMPTY_BODY = YES;
				CLANG_WARN_ENUM_CONVERSION = YES;
				CLANG_WARN_INFINITE_RECURSION = YES;
				CLANG_WARN_INT_CONVERSION = YES;
				CLANG_WARN_NON_LITERAL_NULL_CONVERSION = YES;
				CLANG_WARN_OBJC_IMPLICIT_RETAIN_SELF = YES;
				CLANG_WARN_OBJC_LITERAL_CONVERSION = YES;
				CLANG_WARN_OBJC_ROOT_CLASS = YES_ERROR;
				CLANG_WARN_RANGE_LOOP_ANALYSIS = YES;
				CLANG_WARN_STRICT_PROTOTYPES = YES;
				CLANG_WARN_SUSPICIOUS_MOVE = YES;
				CLANG_WARN_UNGUARDED_AVAILABILITY = YES_AGGRESSIVE;
				CLANG_WARN_UNREACHABLE_CODE = YES;
				CLANG_WARN__DUPLICATE_METHOD_MATCH = YES;
				CODE_SIGN_IDENTITY = "iPhone Developer";
				COPY_PHASE_STRIP = NO;
				DEBUG_INFORMATION_FORMAT = dwarf;
				ENABLE_STRICT_OBJC_MSGSEND = YES;
				ENABLE_TESTABILITY = YES;
				GCC_C_LANGUAGE_STANDARD = gnu11;
				GCC_DYNAMIC_NO_PIC = NO;
				GCC_NO_COMMON_BLOCKS = YES;
				GCC_OPTIMIZATION_LEVEL = 0;
				GCC_PREPROCESSOR_DEFINITIONS = (
					"DEBUG=1",
					"$(inherited)",
				);
				GCC_WARN_64_TO_32_BIT_CONVERSION = YES;
				GCC_WARN_ABOUT_RETURN_TYPE = YES_ERROR;
				GCC_WARN_UNDECLARED_SELECTOR = YES;
				GCC_WARN_UNINITIALIZED_AUTOS = YES_AGGRESSIVE;
				GCC_WARN_UNUSED_FUNCTION = YES;
				GCC_WARN_UNUSED_VARIABLE = YES;
				IPHONEOS_DEPLOYMENT_TARGET = 12.1;
				MTL_ENABLE_DEBUG_INFO = INCLUDE_SOURCE;
				MTL_FAST_MATH = YES;
				ONLY_ACTIVE_ARCH = YES;
				SDKROOT = iphoneos;
				SWIFT_ACTIVE_COMPILATION_CONDITIONS = DEBUG;
				SWIFT_OPTIMIZATION_LEVEL = "-Onone";
			};
			name = Debug;
		};
		4380C4A322E6E4C40088207E /* Release */ = {
			isa = XCBuildConfiguration;
			buildSettings = {
				ALWAYS_SEARCH_USER_PATHS = NO;
				CLANG_ANALYZER_NONNULL = YES;
				CLANG_ANALYZER_NUMBER_OBJECT_CONVERSION = YES_AGGRESSIVE;
				CLANG_CXX_LANGUAGE_STANDARD = "gnu++14";
				CLANG_CXX_LIBRARY = "libc++";
				CLANG_ENABLE_MODULES = YES;
				CLANG_ENABLE_OBJC_ARC = YES;
				CLANG_ENABLE_OBJC_WEAK = YES;
				CLANG_WARN_BLOCK_CAPTURE_AUTORELEASING = YES;
				CLANG_WARN_BOOL_CONVERSION = YES;
				CLANG_WARN_COMMA = YES;
				CLANG_WARN_CONSTANT_CONVERSION = YES;
				CLANG_WARN_DEPRECATED_OBJC_IMPLEMENTATIONS = YES;
				CLANG_WARN_DIRECT_OBJC_ISA_USAGE = YES_ERROR;
				CLANG_WARN_DOCUMENTATION_COMMENTS = YES;
				CLANG_WARN_EMPTY_BODY = YES;
				CLANG_WARN_ENUM_CONVERSION = YES;
				CLANG_WARN_INFINITE_RECURSION = YES;
				CLANG_WARN_INT_CONVERSION = YES;
				CLANG_WARN_NON_LITERAL_NULL_CONVERSION = YES;
				CLANG_WARN_OBJC_IMPLICIT_RETAIN_SELF = YES;
				CLANG_WARN_OBJC_LITERAL_CONVERSION = YES;
				CLANG_WARN_OBJC_ROOT_CLASS = YES_ERROR;
				CLANG_WARN_RANGE_LOOP_ANALYSIS = YES;
				CLANG_WARN_STRICT_PROTOTYPES = YES;
				CLANG_WARN_SUSPICIOUS_MOVE = YES;
				CLANG_WARN_UNGUARDED_AVAILABILITY = YES_AGGRESSIVE;
				CLANG_WARN_UNREACHABLE_CODE = YES;
				CLANG_WARN__DUPLICATE_METHOD_MATCH = YES;
				CODE_SIGN_IDENTITY = "iPhone Developer";
				COPY_PHASE_STRIP = NO;
				DEBUG_INFORMATION_FORMAT = "dwarf-with-dsym";
				ENABLE_NS_ASSERTIONS = NO;
				ENABLE_STRICT_OBJC_MSGSEND = YES;
				GCC_C_LANGUAGE_STANDARD = gnu11;
				GCC_NO_COMMON_BLOCKS = YES;
				GCC_WARN_64_TO_32_BIT_CONVERSION = YES;
				GCC_WARN_ABOUT_RETURN_TYPE = YES_ERROR;
				GCC_WARN_UNDECLARED_SELECTOR = YES;
				GCC_WARN_UNINITIALIZED_AUTOS = YES_AGGRESSIVE;
				GCC_WARN_UNUSED_FUNCTION = YES;
				GCC_WARN_UNUSED_VARIABLE = YES;
				IPHONEOS_DEPLOYMENT_TARGET = 12.1;
				MTL_ENABLE_DEBUG_INFO = NO;
				MTL_FAST_MATH = YES;
				SDKROOT = iphoneos;
				SWIFT_COMPILATION_MODE = wholemodule;
				SWIFT_OPTIMIZATION_LEVEL = "-O";
				VALIDATE_PRODUCT = YES;
			};
			name = Release;
		};
		4380C4A522E6E4C40088207E /* Debug */ = {
			isa = XCBuildConfiguration;
			buildSettings = {
				ASSETCATALOG_COMPILER_APPICON_NAME = AppIcon;
				CODE_SIGN_STYLE = Automatic;
				DEVELOPMENT_TEAM = WEAE2S6CZ3;
				INFOPLIST_FILE = TableCoreData/Info.plist;
				IPHONEOS_DEPLOYMENT_TARGET = 11.4;
				LD_RUNPATH_SEARCH_PATHS = (
					"$(inherited)",
					"@executable_path/Frameworks",
				);
				PRODUCT_BUNDLE_IDENTIFIER = com.smartitventures.TableCoreData;
				PRODUCT_NAME = "$(TARGET_NAME)";
				SWIFT_VERSION = 4.2;
				TARGETED_DEVICE_FAMILY = "1,2";
			};
			name = Debug;
		};
		4380C4A622E6E4C40088207E /* Release */ = {
			isa = XCBuildConfiguration;
			buildSettings = {
				ASSETCATALOG_COMPILER_APPICON_NAME = AppIcon;
				CODE_SIGN_STYLE = Automatic;
				DEVELOPMENT_TEAM = WEAE2S6CZ3;
				INFOPLIST_FILE = TableCoreData/Info.plist;
				IPHONEOS_DEPLOYMENT_TARGET = 11.4;
				LD_RUNPATH_SEARCH_PATHS = (
					"$(inherited)",
					"@executable_path/Frameworks",
				);
				PRODUCT_BUNDLE_IDENTIFIER = com.smartitventures.TableCoreData;
				PRODUCT_NAME = "$(TARGET_NAME)";
				SWIFT_VERSION = 4.2;
				TARGETED_DEVICE_FAMILY = "1,2";
			};
			name = Release;
		};
		4380C4A822E6E4C40088207E /* Debug */ = {
			isa = XCBuildConfiguration;
			buildSettings = {
				ALWAYS_EMBED_SWIFT_STANDARD_LIBRARIES = YES;
				BUNDLE_LOADER = "$(TEST_HOST)";
				CODE_SIGN_STYLE = Automatic;
				DEVELOPMENT_TEAM = WEAE2S6CZ3;
				INFOPLIST_FILE = TableCoreDataTests/Info.plist;
				LD_RUNPATH_SEARCH_PATHS = (
					"$(inherited)",
					"@executable_path/Frameworks",
					"@loader_path/Frameworks",
				);
				PRODUCT_BUNDLE_IDENTIFIER = com.smartitventures.TableCoreDataTests;
				PRODUCT_NAME = "$(TARGET_NAME)";
				SWIFT_VERSION = 4.2;
				TARGETED_DEVICE_FAMILY = "1,2";
				TEST_HOST = "$(BUILT_PRODUCTS_DIR)/TableCoreData.app/TableCoreData";
			};
			name = Debug;
		};
		4380C4A922E6E4C40088207E /* Release */ = {
			isa = XCBuildConfiguration;
			buildSettings = {
				ALWAYS_EMBED_SWIFT_STANDARD_LIBRARIES = YES;
				BUNDLE_LOADER = "$(TEST_HOST)";
				CODE_SIGN_STYLE = Automatic;
				DEVELOPMENT_TEAM = WEAE2S6CZ3;
				INFOPLIST_FILE = TableCoreDataTests/Info.plist;
				LD_RUNPATH_SEARCH_PATHS = (
					"$(inherited)",
					"@executable_path/Frameworks",
					"@loader_path/Frameworks",
				);
				PRODUCT_BUNDLE_IDENTIFIER = com.smartitventures.TableCoreDataTests;
				PRODUCT_NAME = "$(TARGET_NAME)";
				SWIFT_VERSION = 4.2;
				TARGETED_DEVICE_FAMILY = "1,2";
				TEST_HOST = "$(BUILT_PRODUCTS_DIR)/TableCoreData.app/TableCoreData";
			};
			name = Release;
		};
/* End XCBuildConfiguration section */

/* Begin XCConfigurationList section */
		4380C47F22E6E4C30088207E /* Build configuration list for PBXProject "TableCoreData" */ = {
			isa = XCConfigurationList;
			buildConfigurations = (
				4380C4A222E6E4C40088207E /* Debug */,
				4380C4A322E6E4C40088207E /* Release */,
			);
			defaultConfigurationIsVisible = 0;
			defaultConfigurationName = Release;
		};
		4380C4A422E6E4C40088207E /* Build configuration list for PBXNativeTarget "TableCoreData" */ = {
			isa = XCConfigurationList;
			buildConfigurations = (
				4380C4A522E6E4C40088207E /* Debug */,
				4380C4A622E6E4C40088207E /* Release */,
			);
			defaultConfigurationIsVisible = 0;
			defaultConfigurationName = Release;
		};
		4380C4A722E6E4C40088207E /* Build configuration list for PBXNativeTarget "TableCoreDataTests" */ = {
			isa = XCConfigurationList;
			buildConfigurations = (
				4380C4A822E6E4C40088207E /* Debug */,
				4380C4A922E6E4C40088207E /* Release */,
			);
			defaultConfigurationIsVisible = 0;
			defaultConfigurationName = Release;
		};
/* End XCConfigurationList section */

/* Begin XCVersionGroup section */
		4380C48E22E6E4C30088207E /* TableCoreData.xcdatamodeld */ = {
			isa = XCVersionGroup;
			children = (
				4380C48F22E6E4C30088207E /* TableCoreData.xcdatamodel */,
			);
			currentVersion = 4380C48F22E6E4C30088207E /* TableCoreData.xcdatamodel */;
			path = TableCoreData.xcdatamodeld;
			sourceTree = "<group>";
			versionGroupType = wrapper.xcdatamodel;
		};
/* End XCVersionGroup section */
	};
	rootObject = 4380C47C22E6E4C30088207E /* Project object */;
}
